
Microsoft Visual Studio Solution File, Format Version 12.00
# Visual Studio Version 17
VisualStudioVersion = 17.0.31919.166
MinimumVisualStudioVersion = 10.0.40219.1
Project("{2150E333-8FDC-42A3-9474-1A3956D46DE8}") = "dependencies", "dependencies", "{353A0DBF-9DE6-4B1D-B266-83A523C7970E}"
EndProject
Project("{2150E333-8FDC-42A3-9474-1A3956D46DE8}") = "external_relative", "external_relative", "{65C04207-4293-4A6E-9B8C-4ED8074E96CA}"
EndProject
Project("{2150E333-8FDC-42A3-9474-1A3956D46DE8}") = "modules", "modules", "{1C2A6AEA-7A5A-4F15-B54B-4C719EF57BED}"
EndProject
Project("{9A19103F-16F7-4668-BE54-9A1E7A4F7556}") = "IGLibCore", "modules\IGLibCore\IGLibCore.csproj", "{CE54E67B-CB60-46E1-B2E3-D1F18135B9D7}"
EndProject
Project("{9A19103F-16F7-4668-BE54-9A1E7A4F7556}") = "EventAggregator", "EventAggregator\EventAggregator.csproj", "{B6C3D4A6-CF46-4F19-9FAD-18511FC9DBBA}"
EndProject
Project("{9A19103F-16F7-4668-BE54-9A1E7A4F7556}") = "IGLibCore", "..\..\..\..\..\iglib\modules\IGLibCore\IGLibCore.csproj", "{3978FD01-E6E4-4875-B22A-7CD836E5DD76}"
EndProject
Project("{9A19103F-16F7-4668-BE54-9A1E7A4F7556}") = "EventAggregatorTests", "EventAggregatorTests\EventAggregatorTests.csproj", "{08D60321-FD1C-4B1D-91BF-221EB5CF5A1F}"
EndProject
Project("{2150E333-8FDC-42A3-9474-1A3956D46DE8}") = "RT", "RT", "{C3617871-A8EF-40AA-995A-B403970CCDB5}"
EndProject
Project("{9A19103F-16F7-4668-BE54-9A1E7A4F7556}") = "IGLibCore", "..\IGLibCore\src\IGLibCore.csproj", "{961EE254-9756-47EF-8C65-83405A7C57E2}"
EndProject
Global
	GlobalSection(SolutionConfigurationPlatforms) = preSolution
		Debug|Any CPU = Debug|Any CPU
		Release|Any CPU = Release|Any CPU
	EndGlobalSection
	GlobalSection(ProjectConfigurationPlatforms) = postSolution
		{CE54E67B-CB60-46E1-B2E3-D1F18135B9D7}.Debug|Any CPU.ActiveCfg = Debug|Any CPU
		{CE54E67B-CB60-46E1-B2E3-D1F18135B9D7}.Debug|Any CPU.Build.0 = Debug|Any CPU
		{CE54E67B-CB60-46E1-B2E3-D1F18135B9D7}.Release|Any CPU.ActiveCfg = Release|Any CPU
		{CE54E67B-CB60-46E1-B2E3-D1F18135B9D7}.Release|Any CPU.Build.0 = Release|Any CPU
		{B6C3D4A6-CF46-4F19-9FAD-18511FC9DBBA}.Debug|Any CPU.ActiveCfg = Debug|Any CPU
		{B6C3D4A6-CF46-4F19-9FAD-18511FC9DBBA}.Debug|Any CPU.Build.0 = Debug|Any CPU
		{B6C3D4A6-CF46-4F19-9FAD-18511FC9DBBA}.Release|Any CPU.ActiveCfg = Release|Any CPU
		{B6C3D4A6-CF46-4F19-9FAD-18511FC9DBBA}.Release|Any CPU.Build.0 = Release|Any CPU
		{3978FD01-E6E4-4875-B22A-7CD836E5DD76}.Debug|Any CPU.ActiveCfg = Debug|Any CPU
		{3978FD01-E6E4-4875-B22A-7CD836E5DD76}.Debug|Any CPU.Build.0 = Debug|Any CPU
		{3978FD01-E6E4-4875-B22A-7CD836E5DD76}.Release|Any CPU.ActiveCfg = Release|Any CPU
		{3978FD01-E6E4-4875-B22A-7CD836E5DD76}.Release|Any CPU.Build.0 = Release|Any CPU
		{08D60321-FD1C-4B1D-91BF-221EB5CF5A1F}.Debug|Any CPU.ActiveCfg = Debug|Any CPU
		{08D60321-FD1C-4B1D-91BF-221EB5CF5A1F}.Debug|Any CPU.Build.0 = Debug|Any CPU
		{08D60321-FD1C-4B1D-91BF-221EB5CF5A1F}.Release|Any CPU.ActiveCfg = Release|Any CPU
		{08D60321-FD1C-4B1D-91BF-221EB5CF5A1F}.Release|Any CPU.Build.0 = Release|Any CPU
		{961EE254-9756-47EF-8C65-83405A7C57E2}.Debug|Any CPU.ActiveCfg = Debug|Any CPU
		{961EE254-9756-47EF-8C65-83405A7C57E2}.Debug|Any CPU.Build.0 = Debug|Any CPU
		{961EE254-9756-47EF-8C65-83405A7C57E2}.Release|Any CPU.ActiveCfg = Release|Any CPU
		{961EE254-9756-47EF-8C65-83405A7C57E2}.Release|Any CPU.Build.0 = Release|Any CPU
	EndGlobalSection
	GlobalSection(SolutionProperties) = preSolution
		HideSolutionNode = FALSE
	EndGlobalSection
	GlobalSection(NestedProjects) = preSolution
		{65C04207-4293-4A6E-9B8C-4ED8074E96CA} = {353A0DBF-9DE6-4B1D-B266-83A523C7970E}
		{1C2A6AEA-7A5A-4F15-B54B-4C719EF57BED} = {353A0DBF-9DE6-4B1D-B266-83A523C7970E}
		{CE54E67B-CB60-46E1-B2E3-D1F18135B9D7} = {1C2A6AEA-7A5A-4F15-B54B-4C719EF57BED}
		{3978FD01-E6E4-4875-B22A-7CD836E5DD76} = {65C04207-4293-4A6E-9B8C-4ED8074E96CA}
		{C3617871-A8EF-40AA-995A-B403970CCDB5} = {1C2A6AEA-7A5A-4F15-B54B-4C719EF57BED}
		{961EE254-9756-47EF-8C65-83405A7C57E2} = {C3617871-A8EF-40AA-995A-B403970CCDB5}
	EndGlobalSection
	GlobalSection(ExtensibilityGlobals) = postSolution
		SolutionGuid = {4F8C4B98-DDF1-4500-8F31-6BD71EF55F39}
	EndGlobalSection
EndGlobal
